
Microsoft Visual Studio Solution File, Format Version 12.00
# Visual Studio 2012
Project("{FAE04EC0-301F-11D3-BF4B-00C04F79EFBC}") = "BlockTaming", "BlockTaming.csproj", "{A40A0F04-AF05-4D2D-969E-7DC0129A56EF}"
EndProject
Global
	GlobalSection(SolutionConfigurationPlatforms) = preSolution
		Debug|Any CPU = Debug|Any CPU
		Release|Any CPU = Release|Any CPU
	EndGlobalSection
	GlobalSection(ProjectConfigurationPlatforms) = postSolution
		{A40A0F04-AF05-4D2D-969E-7DC0129A56EF}.Debug|Any CPU.ActiveCfg = Debug|Any CPU
		{A40A0F04-AF05-4D2D-969E-7DC0129A56EF}.Debug|Any CPU.Build.0 = Debug|Any CPU
		{A40A0F04-AF05-4D2D-969E-7DC0129A56EF}.Release|Any CPU.ActiveCfg = Release|Any CPU
		{A40A0F04-AF05-4D2D-969E-7DC0129A56EF}.Release|Any CPU.Build.0 = Release|Any CPU
	EndGlobalSection
	GlobalSection(SolutionProperties) = preSolution
		HideSolutionNode = FALSE
	EndGlobalSection
EndGlobal
